
Microsoft Visual Studio Solution File, Format Version 12.00
# Visual Studio 14
VisualStudioVersion = 14.0.25123.0
MinimumVisualStudioVersion = 10.0.40219.1
Project("{FAE04EC0-301F-11D3-BF4B-00C04F79EFBC}") = "modul5_1302200010", "modul5_1302200010\modul5_1302200010.csproj", "{F1197491-125D-402E-849C-B67208FEC7FF}"
EndProject
Global
	GlobalSection(SolutionConfigurationPlatforms) = preSolution
		Debug|Any CPU = Debug|Any CPU
		Release|Any CPU = Release|Any CPU
	EndGlobalSection
	GlobalSection(ProjectConfigurationPlatforms) = postSolution
		{F1197491-125D-402E-849C-B67208FEC7FF}.Debug|Any CPU.ActiveCfg = Debug|Any CPU
		{F1197491-125D-402E-849C-B67208FEC7FF}.Debug|Any CPU.Build.0 = Debug|Any CPU
		{F1197491-125D-402E-849C-B67208FEC7FF}.Release|Any CPU.ActiveCfg = Release|Any CPU
		{F1197491-125D-402E-849C-B67208FEC7FF}.Release|Any CPU.Build.0 = Release|Any CPU
	EndGlobalSection
	GlobalSection(SolutionProperties) = preSolution
		HideSolutionNode = FALSE
	EndGlobalSection
EndGlobal
